// !$*UTF8*$!
{
	archiveVersion = 1;
	classes = {
	};
	objectVersion = 46;
	objects = {

/* Begin PBXBuildFile section */
		1E3B7CFDF3A59D4A1B412471 /* Pods_select_w2_lab.framework in Frameworks */ = {isa = PBXBuildFile; fileRef = 04A0EA4D2F107EA9D834062A /* Pods_select_w2_lab.framework */; };
		6BA7CB271D222BCE00667704 /* AppDelegate.swift in Sources */ = {isa = PBXBuildFile; fileRef = 6BA7CB261D222BCE00667704 /* AppDelegate.swift */; };
		6BA7CB291D222BCE00667704 /* ViewController.swift in Sources */ = {isa = PBXBuildFile; fileRef = 6BA7CB281D222BCE00667704 /* ViewController.swift */; };
		6BA7CB2C1D222BCE00667704 /* Main.storyboard in Resources */ = {isa = PBXBuildFile; fileRef = 6BA7CB2A1D222BCE00667704 /* Main.storyboard */; };
		6BA7CB2E1D222BCE00667704 /* Assets.xcassets in Resources */ = {isa = PBXBuildFile; fileRef = 6BA7CB2D1D222BCE00667704 /* Assets.xcassets */; };
		6BA7CB311D222BCE00667704 /* LaunchScreen.storyboard in Resources */ = {isa = PBXBuildFile; fileRef = 6BA7CB2F1D222BCE00667704 /* LaunchScreen.storyboard */; };
		6BA7CB3A1D2231FC00667704 /* FancyClient.swift in Sources */ = {isa = PBXBuildFile; fileRef = 6BA7CB391D2231FC00667704 /* FancyClient.swift */; };
		6BA7CB421D2241C800667704 /* PersonCell.swift in Sources */ = {isa = PBXBuildFile; fileRef = 6BA7CB411D2241C800667704 /* PersonCell.swift */; };
		6BA7CB461D2244FE00667704 /* PersonsViewController.swift in Sources */ = {isa = PBXBuildFile; fileRef = 6BA7CB451D2244FE00667704 /* PersonsViewController.swift */; };
		6BA7CB491D224F3800667704 /* Person.swift in Sources */ = {isa = PBXBuildFile; fileRef = 6BA7CB481D224F3800667704 /* Person.swift */; };
/* End PBXBuildFile section */

/* Begin PBXFileReference section */
		04A0EA4D2F107EA9D834062A /* Pods_select_w2_lab.framework */ = {isa = PBXFileReference; explicitFileType = wrapper.framework; includeInIndex = 0; path = Pods_select_w2_lab.framework; sourceTree = BUILT_PRODUCTS_DIR; };
		1ACC155C61BF034F64BD0C71 /* Pods-select_w2_lab.release.xcconfig */ = {isa = PBXFileReference; includeInIndex = 1; lastKnownFileType = text.xcconfig; name = "Pods-select_w2_lab.release.xcconfig"; path = "Pods/Target Support Files/Pods-select_w2_lab/Pods-select_w2_lab.release.xcconfig"; sourceTree = "<group>"; };
		6BA7CB231D222BCE00667704 /* select_w2_lab.app */ = {isa = PBXFileReference; explicitFileType = wrapper.application; includeInIndex = 0; path = select_w2_lab.app; sourceTree = BUILT_PRODUCTS_DIR; };
		6BA7CB261D222BCE00667704 /* AppDelegate.swift */ = {isa = PBXFileReference; lastKnownFileType = sourcecode.swift; path = AppDelegate.swift; sourceTree = "<group>"; };
		6BA7CB281D222BCE00667704 /* ViewController.swift */ = {isa = PBXFileReference; lastKnownFileType = sourcecode.swift; path = ViewController.swift; sourceTree = "<group>"; };
		6BA7CB2B1D222BCE00667704 /* Base */ = {isa = PBXFileReference; lastKnownFileType = file.storyboard; name = Base; path = Base.lproj/Main.storyboard; sourceTree = "<group>"; };
		6BA7CB2D1D222BCE00667704 /* Assets.xcassets */ = {isa = PBXFileReference; lastKnownFileType = folder.assetcatalog; path = Assets.xcassets; sourceTree = "<group>"; };
		6BA7CB301D222BCE00667704 /* Base */ = {isa = PBXFileReference; lastKnownFileType = file.storyboard; name = Base; path = Base.lproj/LaunchScreen.storyboard; sourceTree = "<group>"; };
		6BA7CB321D222BCE00667704 /* Info.plist */ = {isa = PBXFileReference; lastKnownFileType = text.plist.xml; path = Info.plist; sourceTree = "<group>"; };
		6BA7CB391D2231FC00667704 /* FancyClient.swift */ = {isa = PBXFileReference; fileEncoding = 4; lastKnownFileType = sourcecode.swift; path = FancyClient.swift; sourceTree = "<group>"; };
		6BA7CB411D2241C800667704 /* PersonCell.swift */ = {isa = PBXFileReference; fileEncoding = 4; lastKnownFileType = sourcecode.swift; path = PersonCell.swift; sourceTree = "<group>"; };
		6BA7CB451D2244FE00667704 /* PersonsViewController.swift */ = {isa = PBXFileReference; fileEncoding = 4; lastKnownFileType = sourcecode.swift; path = PersonsViewController.swift; sourceTree = "<group>"; };
		6BA7CB481D224F3800667704 /* Person.swift */ = {isa = PBXFileReference; fileEncoding = 4; lastKnownFileType = sourcecode.swift; path = Person.swift; sourceTree = "<group>"; };
		E2F81AFEED36E07E8FD3626F /* Pods-select_w2_lab.debug.xcconfig */ = {isa = PBXFileReference; includeInIndex = 1; lastKnownFileType = text.xcconfig; name = "Pods-select_w2_lab.debug.xcconfig"; path = "Pods/Target Support Files/Pods-select_w2_lab/Pods-select_w2_lab.debug.xcconfig"; sourceTree = "<group>"; };
/* End PBXFileReference section */

/* Begin PBXFrameworksBuildPhase section */
		6BA7CB201D222BCE00667704 /* Frameworks */ = {
			isa = PBXFrameworksBuildPhase;
			buildActionMask = 2147483647;
			files = (
				1E3B7CFDF3A59D4A1B412471 /* Pods_select_w2_lab.framework in Frameworks */,
			);
			runOnlyForDeploymentPostprocessing = 0;
		};
/* End PBXFrameworksBuildPhase section */

/* Begin PBXGroup section */
		19E22F9AFB890C17A427E8FF /* Pods */ = {
			isa = PBXGroup;
			children = (
				E2F81AFEED36E07E8FD3626F /* Pods-select_w2_lab.debug.xcconfig */,
				1ACC155C61BF034F64BD0C71 /* Pods-select_w2_lab.release.xcconfig */,
			);
			name = Pods;
			sourceTree = "<group>";
		};
		6BA7CB1A1D222BCE00667704 = {
			isa = PBXGroup;
			children = (
				6BA7CB251D222BCE00667704 /* select_w2_lab */,
				6BA7CB241D222BCE00667704 /* Products */,
				19E22F9AFB890C17A427E8FF /* Pods */,
				F65D974708168BCB0E990711 /* Frameworks */,
			);
			sourceTree = "<group>";
		};
		6BA7CB241D222BCE00667704 /* Products */ = {
			isa = PBXGroup;
			children = (
				6BA7CB231D222BCE00667704 /* select_w2_lab.app */,
			);
			name = Products;
			sourceTree = "<group>";
		};
		6BA7CB251D222BCE00667704 /* select_w2_lab */ = {
			isa = PBXGroup;
			children = (
				6BA7CB471D2246CF00667704 /* Models */,
				6BA7CB3C1D2240CC00667704 /* Views */,
				6BA7CB3B1D2240C500667704 /* ViewControllers */,
				6BA7CB381D2231D800667704 /* API */,
				6BA7CB261D222BCE00667704 /* AppDelegate.swift */,
				6BA7CB281D222BCE00667704 /* ViewController.swift */,
				6BA7CB2A1D222BCE00667704 /* Main.storyboard */,
				6BA7CB2D1D222BCE00667704 /* Assets.xcassets */,
				6BA7CB2F1D222BCE00667704 /* LaunchScreen.storyboard */,
				6BA7CB321D222BCE00667704 /* Info.plist */,
			);
			path = select_w2_lab;
			sourceTree = "<group>";
		};
		6BA7CB381D2231D800667704 /* API */ = {
			isa = PBXGroup;
			children = (
				6BA7CB391D2231FC00667704 /* FancyClient.swift */,
			);
			name = API;
			sourceTree = "<group>";
		};
		6BA7CB3B1D2240C500667704 /* ViewControllers */ = {
			isa = PBXGroup;
			children = (
				6BA7CB451D2244FE00667704 /* PersonsViewController.swift */,
			);
			name = ViewControllers;
			sourceTree = "<group>";
		};
		6BA7CB3C1D2240CC00667704 /* Views */ = {
			isa = PBXGroup;
			children = (
				6BA7CB411D2241C800667704 /* PersonCell.swift */,
			);
			name = Views;
			sourceTree = "<group>";
		};
		6BA7CB471D2246CF00667704 /* Models */ = {
			isa = PBXGroup;
			children = (
				6BA7CB481D224F3800667704 /* Person.swift */,
			);
			name = Models;
			sourceTree = "<group>";
		};
		F65D974708168BCB0E990711 /* Frameworks */ = {
			isa = PBXGroup;
			children = (
				04A0EA4D2F107EA9D834062A /* Pods_select_w2_lab.framework */,
			);
			name = Frameworks;
			sourceTree = "<group>";
		};
/* End PBXGroup section */

/* Begin PBXNativeTarget section */
		6BA7CB221D222BCE00667704 /* select_w2_lab */ = {
			isa = PBXNativeTarget;
			buildConfigurationList = 6BA7CB351D222BCE00667704 /* Build configuration list for PBXNativeTarget "select_w2_lab" */;
			buildPhases = (
				64B97AAE14D8B2DBAB0CE30A /* 📦 Check Pods Manifest.lock */,
				6BA7CB1F1D222BCE00667704 /* Sources */,
				6BA7CB201D222BCE00667704 /* Frameworks */,
				6BA7CB211D222BCE00667704 /* Resources */,
				28343189C5354611506EB137 /* 📦 Embed Pods Frameworks */,
				4ABBA04BADDE0C799F092672 /* 📦 Copy Pods Resources */,
			);
			buildRules = (
			);
			dependencies = (
			);
			name = select_w2_lab;
			productName = select_w2_lab;
			productReference = 6BA7CB231D222BCE00667704 /* select_w2_lab.app */;
			productType = "com.apple.product-type.application";
		};
/* End PBXNativeTarget section */

/* Begin PBXProject section */
		6BA7CB1B1D222BCE00667704 /* Project object */ = {
			isa = PBXProject;
			attributes = {
				LastSwiftUpdateCheck = 0730;
				LastUpgradeCheck = 0730;
				ORGANIZATIONNAME = "Dang Quoc Huy";
				TargetAttributes = {
					6BA7CB221D222BCE00667704 = {
						CreatedOnToolsVersion = 7.3.1;
						DevelopmentTeam = 8KDJ9PT669;
					};
				};
			};
			buildConfigurationList = 6BA7CB1E1D222BCE00667704 /* Build configuration list for PBXProject "select_w2_lab" */;
			compatibilityVersion = "Xcode 3.2";
			developmentRegion = English;
			hasScannedForEncodings = 0;
			knownRegions = (
				en,
				Base,
			);
			mainGroup = 6BA7CB1A1D222BCE00667704;
			productRefGroup = 6BA7CB241D222BCE00667704 /* Products */;
			projectDirPath = "";
			projectRoot = "";
			targets = (
				6BA7CB221D222BCE00667704 /* select_w2_lab */,
			);
		};
/* End PBXProject section */

/* Begin PBXResourcesBuildPhase section */
		6BA7CB211D222BCE00667704 /* Resources */ = {
			isa = PBXResourcesBuildPhase;
			buildActionMask = 2147483647;
			files = (
				6BA7CB311D222BCE00667704 /* LaunchScreen.storyboard in Resources */,
				6BA7CB2E1D222BCE00667704 /* Assets.xcassets in Resources */,
				6BA7CB2C1D222BCE00667704 /* Main.storyboard in Resources */,
			);
			runOnlyForDeploymentPostprocessing = 0;
		};
/* End PBXResourcesBuildPhase section */

/* Begin PBXShellScriptBuildPhase section */
		28343189C5354611506EB137 /* 📦 Embed Pods Frameworks */ = {
			isa = PBXShellScriptBuildPhase;
			buildActionMask = 2147483647;
			files = (
			);
			inputPaths = (
			);
			name = "📦 Embed Pods Frameworks";
			outputPaths = (
			);
			runOnlyForDeploymentPostprocessing = 0;
			shellPath = /bin/sh;
			shellScript = "\"${SRCROOT}/Pods/Target Support Files/Pods-select_w2_lab/Pods-select_w2_lab-frameworks.sh\"\n";
			showEnvVarsInLog = 0;
		};
		4ABBA04BADDE0C799F092672 /* 📦 Copy Pods Resources */ = {
			isa = PBXShellScriptBuildPhase;
			buildActionMask = 2147483647;
			files = (
			);
			inputPaths = (
			);
			name = "📦 Copy Pods Resources";
			outputPaths = (
			);
			runOnlyForDeploymentPostprocessing = 0;
			shellPath = /bin/sh;
			shellScript = "\"${SRCROOT}/Pods/Target Support Files/Pods-select_w2_lab/Pods-select_w2_lab-resources.sh\"\n";
			showEnvVarsInLog = 0;
		};
		64B97AAE14D8B2DBAB0CE30A /* 📦 Check Pods Manifest.lock */ = {
			isa = PBXShellScriptBuildPhase;
			buildActionMask = 2147483647;
			files = (
			);
			inputPaths = (
			);
			name = "📦 Check Pods Manifest.lock";
			outputPaths = (
			);
			runOnlyForDeploymentPostprocessing = 0;
			shellPath = /bin/sh;
			shellScript = "diff \"${PODS_ROOT}/../Podfile.lock\" \"${PODS_ROOT}/Manifest.lock\" > /dev/null\nif [[ $? != 0 ]] ; then\n    cat << EOM\nerror: The sandbox is not in sync with the Podfile.lock. Run 'pod install' or update your CocoaPods installation.\nEOM\n    exit 1\nfi\n";
			showEnvVarsInLog = 0;
		};
/* End PBXShellScriptBuildPhase section */

/* Begin PBXSourcesBuildPhase section */
		6BA7CB1F1D222BCE00667704 /* Sources */ = {
			isa = PBXSourcesBuildPhase;
			buildActionMask = 2147483647;
			files = (
				6BA7CB491D224F3800667704 /* Person.swift in Sources */,
				6BA7CB291D222BCE00667704 /* ViewController.swift in Sources */,
				6BA7CB421D2241C800667704 /* PersonCell.swift in Sources */,
				6BA7CB271D222BCE00667704 /* AppDelegate.swift in Sources */,
				6BA7CB461D2244FE00667704 /* PersonsViewController.swift in Sources */,
				6BA7CB3A1D2231FC00667704 /* FancyClient.swift in Sources */,
			);
			runOnlyForDeploymentPostprocessing = 0;
		};
/* End PBXSourcesBuildPhase section */

/* Begin PBXVariantGroup section */
		6BA7CB2A1D222BCE00667704 /* Main.storyboard */ = {
			isa = PBXVariantGroup;
			children = (
				6BA7CB2B1D222BCE00667704 /* Base */,
			);
			name = Main.storyboard;
			sourceTree = "<group>";
		};
		6BA7CB2F1D222BCE00667704 /* LaunchScreen.storyboard */ = {
			isa = PBXVariantGroup;
			children = (
				6BA7CB301D222BCE00667704 /* Base */,
			);
			name = LaunchScreen.storyboard;
			sourceTree = "<group>";
		};
/* End PBXVariantGroup section */

/* Begin XCBuildConfiguration section */
		6BA7CB331D222BCE00667704 /* Debug */ = {
			isa = XCBuildConfiguration;
			buildSettings = {
				ALWAYS_SEARCH_USER_PATHS = NO;
				CLANG_ANALYZER_NONNULL = YES;
				CLANG_CXX_LANGUAGE_STANDARD = "gnu++0x";
				CLANG_CXX_LIBRARY = "libc++";
				CLANG_ENABLE_MODULES = YES;
				CLANG_ENABLE_OBJC_ARC = YES;
				CLANG_WARN_BOOL_CONVERSION = YES;
				CLANG_WARN_CONSTANT_CONVERSION = YES;
				CLANG_WARN_DIRECT_OBJC_ISA_USAGE = YES_ERROR;
				CLANG_WARN_EMPTY_BODY = YES;
				CLANG_WARN_ENUM_CONVERSION = YES;
				CLANG_WARN_INT_CONVERSION = YES;
				CLANG_WARN_OBJC_ROOT_CLASS = YES_ERROR;
				CLANG_WARN_UNREACHABLE_CODE = YES;
				CLANG_WARN__DUPLICATE_METHOD_MATCH = YES;
				"CODE_SIGN_IDENTITY[sdk=iphoneos*]" = "iPhone Developer";
				COPY_PHASE_STRIP = NO;
				DEBUG_INFORMATION_FORMAT = dwarf;
				ENABLE_STRICT_OBJC_MSGSEND = YES;
				ENABLE_TESTABILITY = YES;
				GCC_C_LANGUAGE_STANDARD = gnu99;
				GCC_DYNAMIC_NO_PIC = NO;
				GCC_NO_COMMON_BLOCKS = YES;
				GCC_OPTIMIZATION_LEVEL = 0;
				GCC_PREPROCESSOR_DEFINITIONS = (
					"DEBUG=1",
					"$(inherited)",
				);
				GCC_WARN_64_TO_32_BIT_CONVERSION = YES;
				GCC_WARN_ABOUT_RETURN_TYPE = YES_ERROR;
				GCC_WARN_UNDECLARED_SELECTOR = YES;
				GCC_WARN_UNINITIALIZED_AUTOS = YES_AGGRESSIVE;
				GCC_WARN_UNUSED_FUNCTION = YES;
				GCC_WARN_UNUSED_VARIABLE = YES;
				IPHONEOS_DEPLOYMENT_TARGET = 9.3;
				MTL_ENABLE_DEBUG_INFO = YES;
				ONLY_ACTIVE_ARCH = YES;
				SDKROOT = iphoneos;
				SWIFT_OPTIMIZATION_LEVEL = "-Onone";
			};
			name = Debug;
		};
		6BA7CB341D222BCE00667704 /* Release */ = {
			isa = XCBuildConfiguration;
			buildSettings = {
				ALWAYS_SEARCH_USER_PATHS = NO;
				CLANG_ANALYZER_NONNULL = YES;
				CLANG_CXX_LANGUAGE_STANDARD = "gnu++0x";
				CLANG_CXX_LIBRARY = "libc++";
				CLANG_ENABLE_MODULES = YES;
				CLANG_ENABLE_OBJC_ARC = YES;
				CLANG_WARN_BOOL_CONVERSION = YES;
				CLANG_WARN_CONSTANT_CONVERSION = YES;
				CLANG_WARN_DIRECT_OBJC_ISA_USAGE = YES_ERROR;
				CLANG_WARN_EMPTY_BODY = YES;
				CLANG_WARN_ENUM_CONVERSION = YES;
				CLANG_WARN_INT_CONVERSION = YES;
				CLANG_WARN_OBJC_ROOT_CLASS = YES_ERROR;
				CLANG_WARN_UNREACHABLE_CODE = YES;
				CLANG_WARN__DUPLICATE_METHOD_MATCH = YES;
				"CODE_SIGN_IDENTITY[sdk=iphoneos*]" = "iPhone Developer";
				COPY_PHASE_STRIP = NO;
				DEBUG_INFORMATION_FORMAT = "dwarf-with-dsym";
				ENABLE_NS_ASSERTIONS = NO;
				ENABLE_STRICT_OBJC_MSGSEND = YES;
				GCC_C_LANGUAGE_STANDARD = gnu99;
				GCC_NO_COMMON_BLOCKS = YES;
				GCC_WARN_64_TO_32_BIT_CONVERSION = YES;
				GCC_WARN_ABOUT_RETURN_TYPE = YES_ERROR;
				GCC_WARN_UNDECLARED_SELECTOR = YES;
				GCC_WARN_UNINITIALIZED_AUTOS = YES_AGGRESSIVE;
				GCC_WARN_UNUSED_FUNCTION = YES;
				GCC_WARN_UNUSED_VARIABLE = YES;
				IPHONEOS_DEPLOYMENT_TARGET = 9.3;
				MTL_ENABLE_DEBUG_INFO = NO;
				SDKROOT = iphoneos;
				VALIDATE_PRODUCT = YES;
			};
			name = Release;
		};
		6BA7CB361D222BCE00667704 /* Debug */ = {
			isa = XCBuildConfiguration;
			baseConfigurationReference = E2F81AFEED36E07E8FD3626F /* Pods-select_w2_lab.debug.xcconfig */;
			buildSettings = {
				ASSETCATALOG_COMPILER_APPICON_NAME = AppIcon;
				INFOPLIST_FILE = select_w2_lab/Info.plist;
				LD_RUNPATH_SEARCH_PATHS = "$(inherited) @executable_path/Frameworks";
				PRODUCT_BUNDLE_IDENTIFIER = "huy.dang.quoc.select-w2-lab";
				PRODUCT_NAME = "$(TARGET_NAME)";
			};
			name = Debug;
		};
		6BA7CB371D222BCE00667704 /* Release */ = {
			isa = XCBuildConfiguration;
			baseConfigurationReference = 1ACC155C61BF034F64BD0C71 /* Pods-select_w2_lab.release.xcconfig */;
			buildSettings = {
				ASSETCATALOG_COMPILER_APPICON_NAME = AppIcon;
				INFOPLIST_FILE = select_w2_lab/Info.plist;
				LD_RUNPATH_SEARCH_PATHS = "$(inherited) @executable_path/Frameworks";
				PRODUCT_BUNDLE_IDENTIFIER = "huy.dang.quoc.select-w2-lab";
				PRODUCT_NAME = "$(TARGET_NAME)";
			};
			name = Release;
		};
/* End XCBuildConfiguration section */

/* Begin XCConfigurationList section */
		6BA7CB1E1D222BCE00667704 /* Build configuration list for PBXProject "select_w2_lab" */ = {
			isa = XCConfigurationList;
			buildConfigurations = (
				6BA7CB331D222BCE00667704 /* Debug */,
				6BA7CB341D222BCE00667704 /* Release */,
			);
			defaultConfigurationIsVisible = 0;
			defaultConfigurationName = Release;
		};
		6BA7CB351D222BCE00667704 /* Build configuration list for PBXNativeTarget "select_w2_lab" */ = {
			isa = XCConfigurationList;
			buildConfigurations = (
				6BA7CB361D222BCE00667704 /* Debug */,
				6BA7CB371D222BCE00667704 /* Release */,
			);
			defaultConfigurationIsVisible = 0;
			defaultConfigurationName = Release;
		};
/* End XCConfigurationList section */
	};
	rootObject = 6BA7CB1B1D222BCE00667704 /* Project object */;
}
